
Microsoft Visual Studio Solution File, Format Version 12.00
# Visual Studio Version 17
VisualStudioVersion = 17.14.36203.30 d17.14
MinimumVisualStudioVersion = 10.0.40219.1
Project("{FAE04EC0-301F-11D3-BF4B-00C04F79EFBC}") = "Practice 4", "Practice 4\Practice 4.csproj", "{E9E096C7-D499-4DB0-9EFE-23FDCC0734FC}"
EndProject
Global
	GlobalSection(SolutionConfigurationPlatforms) = preSolution
		Debug|Any CPU = Debug|Any CPU
		Release|Any CPU = Release|Any CPU
	EndGlobalSection
	GlobalSection(ProjectConfigurationPlatforms) = postSolution
		{E9E096C7-D499-4DB0-9EFE-23FDCC0734FC}.Debug|Any CPU.ActiveCfg = Debug|Any CPU
		{E9E096C7-D499-4DB0-9EFE-23FDCC0734FC}.Debug|Any CPU.Build.0 = Debug|Any CPU
		{E9E096C7-D499-4DB0-9EFE-23FDCC0734FC}.Release|Any CPU.ActiveCfg = Release|Any CPU
		{E9E096C7-D499-4DB0-9EFE-23FDCC0734FC}.Release|Any CPU.Build.0 = Release|Any CPU
	EndGlobalSection
	GlobalSection(SolutionProperties) = preSolution
		HideSolutionNode = FALSE
	EndGlobalSection
	GlobalSection(ExtensibilityGlobals) = postSolution
		SolutionGuid = {D51D32F3-FABF-4964-BA28-658E16BE48A2}
	EndGlobalSection
EndGlobal
