
Microsoft Visual Studio Solution File, Format Version 12.00
# Visual Studio Version 17
VisualStudioVersion = 17.14.36203.30 d17.14
MinimumVisualStudioVersion = 10.0.40219.1
Project("{FAE04EC0-301F-11D3-BF4B-00C04F79EFBC}") = "SpotDemo", "SpotDemo.csproj", "{0F7B3898-7AD9-4311-A5BC-4D2F21EAE5B0}"
EndProject
Global
	GlobalSection(SolutionConfigurationPlatforms) = preSolution
		Debug|Any CPU = Debug|Any CPU
		Release|Any CPU = Release|Any CPU
	EndGlobalSection
	GlobalSection(ProjectConfigurationPlatforms) = postSolution
		{0F7B3898-7AD9-4311-A5BC-4D2F21EAE5B0}.Debug|Any CPU.ActiveCfg = Debug|Any CPU
		{0F7B3898-7AD9-4311-A5BC-4D2F21EAE5B0}.Debug|Any CPU.Build.0 = Debug|Any CPU
		{0F7B3898-7AD9-4311-A5BC-4D2F21EAE5B0}.Release|Any CPU.ActiveCfg = Release|Any CPU
		{0F7B3898-7AD9-4311-A5BC-4D2F21EAE5B0}.Release|Any CPU.Build.0 = Release|Any CPU
	EndGlobalSection
	GlobalSection(SolutionProperties) = preSolution
		HideSolutionNode = FALSE
	EndGlobalSection
	GlobalSection(ExtensibilityGlobals) = postSolution
		SolutionGuid = {33757935-12F9-4692-BF86-498BAA13F0F2}
	EndGlobalSection
EndGlobal
