
Microsoft Visual Studio Solution File, Format Version 12.00
# Visual Studio Version 17
VisualStudioVersion = 17.14.36203.30 d17.14
MinimumVisualStudioVersion = 10.0.40219.1
Project("{FAE04EC0-301F-11D3-BF4B-00C04F79EFBC}") = "DatabaseCode", "DatabaseCode.csproj", "{20C3DB86-5055-4E2F-A88A-CBDCE1F4ADDA}"
EndProject
Global
	GlobalSection(SolutionConfigurationPlatforms) = preSolution
		Debug|Any CPU = Debug|Any CPU
		Release|Any CPU = Release|Any CPU
	EndGlobalSection
	GlobalSection(ProjectConfigurationPlatforms) = postSolution
		{20C3DB86-5055-4E2F-A88A-CBDCE1F4ADDA}.Debug|Any CPU.ActiveCfg = Debug|Any CPU
		{20C3DB86-5055-4E2F-A88A-CBDCE1F4ADDA}.Debug|Any CPU.Build.0 = Debug|Any CPU
		{20C3DB86-5055-4E2F-A88A-CBDCE1F4ADDA}.Release|Any CPU.ActiveCfg = Release|Any CPU
		{20C3DB86-5055-4E2F-A88A-CBDCE1F4ADDA}.Release|Any CPU.Build.0 = Release|Any CPU
	EndGlobalSection
	GlobalSection(SolutionProperties) = preSolution
		HideSolutionNode = FALSE
	EndGlobalSection
	GlobalSection(ExtensibilityGlobals) = postSolution
		SolutionGuid = {F9C32540-4A5C-4D2C-947C-7E86B9C36BB7}
	EndGlobalSection
EndGlobal
