
Microsoft Visual Studio Solution File, Format Version 12.00
# Visual Studio Version 17
VisualStudioVersion = 17.14.36203.30 d17.14
MinimumVisualStudioVersion = 10.0.40219.1
Project("{FAE04EC0-301F-11D3-BF4B-00C04F79EFBC}") = "Practice 6", "Practice 6\Practice 6.csproj", "{F27C5616-6130-4F83-B2B0-5B0DCCB1495A}"
EndProject
Global
	GlobalSection(SolutionConfigurationPlatforms) = preSolution
		Debug|Any CPU = Debug|Any CPU
		Release|Any CPU = Release|Any CPU
	EndGlobalSection
	GlobalSection(ProjectConfigurationPlatforms) = postSolution
		{F27C5616-6130-4F83-B2B0-5B0DCCB1495A}.Debug|Any CPU.ActiveCfg = Debug|Any CPU
		{F27C5616-6130-4F83-B2B0-5B0DCCB1495A}.Debug|Any CPU.Build.0 = Debug|Any CPU
		{F27C5616-6130-4F83-B2B0-5B0DCCB1495A}.Release|Any CPU.ActiveCfg = Release|Any CPU
		{F27C5616-6130-4F83-B2B0-5B0DCCB1495A}.Release|Any CPU.Build.0 = Release|Any CPU
	EndGlobalSection
	GlobalSection(SolutionProperties) = preSolution
		HideSolutionNode = FALSE
	EndGlobalSection
	GlobalSection(ExtensibilityGlobals) = postSolution
		SolutionGuid = {A3CCCF0A-5BA6-4C6B-8E85-0C3319F37BE8}
	EndGlobalSection
EndGlobal
