
Microsoft Visual Studio Solution File, Format Version 12.00
# Visual Studio Version 17
VisualStudioVersion = 17.14.36203.30 d17.14
MinimumVisualStudioVersion = 10.0.40219.1
Project("{FAE04EC0-301F-11D3-BF4B-00C04F79EFBC}") = "Practice 1", "Practice 1\Practice 1.csproj", "{30FBD5E6-D830-4EFE-B4B2-63A1BED8FE9A}"
EndProject
Global
	GlobalSection(SolutionConfigurationPlatforms) = preSolution
		Debug|Any CPU = Debug|Any CPU
		Release|Any CPU = Release|Any CPU
	EndGlobalSection
	GlobalSection(ProjectConfigurationPlatforms) = postSolution
		{30FBD5E6-D830-4EFE-B4B2-63A1BED8FE9A}.Debug|Any CPU.ActiveCfg = Debug|Any CPU
		{30FBD5E6-D830-4EFE-B4B2-63A1BED8FE9A}.Debug|Any CPU.Build.0 = Debug|Any CPU
		{30FBD5E6-D830-4EFE-B4B2-63A1BED8FE9A}.Release|Any CPU.ActiveCfg = Release|Any CPU
		{30FBD5E6-D830-4EFE-B4B2-63A1BED8FE9A}.Release|Any CPU.Build.0 = Release|Any CPU
	EndGlobalSection
	GlobalSection(SolutionProperties) = preSolution
		HideSolutionNode = FALSE
	EndGlobalSection
	GlobalSection(ExtensibilityGlobals) = postSolution
		SolutionGuid = {69146D21-D6B3-4F90-9E63-4DBDB9AEB3F7}
	EndGlobalSection
EndGlobal
