
Microsoft Visual Studio Solution File, Format Version 12.00
# Visual Studio Version 17
VisualStudioVersion = 17.14.36203.30 d17.14
MinimumVisualStudioVersion = 10.0.40219.1
Project("{FAE04EC0-301F-11D3-BF4B-00C04F79EFBC}") = "ConsoleApp9", "ConsoleApp9.csproj", "{7AC5F887-EA05-4DD6-B7F1-A4CDEFF4B04A}"
EndProject
Global
	GlobalSection(SolutionConfigurationPlatforms) = preSolution
		Debug|Any CPU = Debug|Any CPU
		Release|Any CPU = Release|Any CPU
	EndGlobalSection
	GlobalSection(ProjectConfigurationPlatforms) = postSolution
		{7AC5F887-EA05-4DD6-B7F1-A4CDEFF4B04A}.Debug|Any CPU.ActiveCfg = Debug|Any CPU
		{7AC5F887-EA05-4DD6-B7F1-A4CDEFF4B04A}.Debug|Any CPU.Build.0 = Debug|Any CPU
		{7AC5F887-EA05-4DD6-B7F1-A4CDEFF4B04A}.Release|Any CPU.ActiveCfg = Release|Any CPU
		{7AC5F887-EA05-4DD6-B7F1-A4CDEFF4B04A}.Release|Any CPU.Build.0 = Release|Any CPU
	EndGlobalSection
	GlobalSection(SolutionProperties) = preSolution
		HideSolutionNode = FALSE
	EndGlobalSection
	GlobalSection(ExtensibilityGlobals) = postSolution
		SolutionGuid = {5D183A36-0FD9-4113-9F4E-E5893710C1F8}
	EndGlobalSection
EndGlobal
